{
  "lockfileVersion": 1,
  "configVersion": 1,
  "workspaces": {
    "": {
      "name": "rent-invoice-effect",
    },
    "packages/server": {
      "name": "server",
      "dependencies": {
        "@effect/platform": "^0.94.1",
        "@effect/platform-bun": "^0.87.0",
        "effect": "^3.19.14",
      },
      "devDependencies": {
        "@effect/language-service": "^0.64.1",
        "@types/node": "^25.0.6",
      },
    },
  },
  "packages": {
    "@effect/cluster": ["@effect/cluster@0.56.1", "", { "dependencies": { "kubernetes-types": "^1.30.0" }, "peerDependencies": { "@effect/platform": "^0.94.1", "@effect/rpc": "^0.73.0", "@effect/sql": "^0.49.0", "@effect/workflow": "^0.16.0", "effect": "^3.19.14" } }, "sha512-gnrsH6kfrUjn+82j/bw1IR4yFqJqV8tc7xZvrbJPRgzANycc6K1hu3LMg548uYbUkTzD8YYyqrSatMO1mkQpzw=="],

    "@effect/language-service": ["@effect/language-service@0.64.1", "", { "bin": { "effect-language-service": "cli.js" } }, "sha512-1S7Xr2t9mygR6QyiIdCQUvPwSvcf5EBpnWmKa/8rC4P0btFfw/RiWRI8bvFI2AW+U4KStMUHYxPu4QEsk4y8bg=="],

    "@effect/platform": ["@effect/platform@0.94.1", "", { "dependencies": { "find-my-way-ts": "^0.1.6", "msgpackr": "^1.11.4", "multipasta": "^0.2.7" }, "peerDependencies": { "effect": "^3.19.14" } }, "sha512-SlL8OMTogHmMNnFLnPAHHo3ua1yrB1LNQOVQMiZsqYu9g3216xjr0gn5WoDgCxUyOdZcseegMjWJ7dhm/2vnfg=="],

    "@effect/platform-bun": ["@effect/platform-bun@0.87.0", "", { "dependencies": { "@effect/platform-node-shared": "^0.57.0", "multipasta": "^0.2.7" }, "peerDependencies": { "@effect/cluster": "^0.56.0", "@effect/platform": "^0.94.0", "@effect/rpc": "^0.73.0", "@effect/sql": "^0.49.0", "effect": "^3.19.13" } }, "sha512-O0WJXc5f4qTcdEXWQDb5JDT0b4qiSrrOovRiZ46O+c3ZdC6wkc7vuvmvI9L6gI3rNmDgPZtK+IkELH6P20dLXA=="],

    "@effect/platform-node-shared": ["@effect/platform-node-shared@0.57.0", "", { "dependencies": { "@parcel/watcher": "^2.5.1", "multipasta": "^0.2.7", "ws": "^8.18.2" }, "peerDependencies": { "@effect/cluster": "^0.56.0", "@effect/platform": "^0.94.0", "@effect/rpc": "^0.73.0", "@effect/sql": "^0.49.0", "effect": "^3.19.13" } }, "sha512-QXuvmLNlABCQLcTl+lN1YPhKosR6KqArPYjC2reU0fb5lroCo3YRb/aGpXIgLthHzQL8cLU5XMGA3Cu5hKY2Tw=="],

    "@effect/rpc": ["@effect/rpc@0.73.0", "", { "dependencies": { "msgpackr": "^1.11.4" }, "peerDependencies": { "@effect/platform": "^0.94.0", "effect": "^3.19.13" } }, "sha512-iMPf6tTriz8sK0l5x4koFId8Hz5nFptHYg8WqyjHGIIVLTpZxuiSqhmXZG7FnAs5N2n6uCEws4wWGcIgXNUrFg=="],

    "@effect/sql": ["@effect/sql@0.49.0", "", { "dependencies": { "uuid": "^11.0.3" }, "peerDependencies": { "@effect/experimental": "^0.58.0", "@effect/platform": "^0.94.0", "effect": "^3.19.13" } }, "sha512-9UEKR+z+MrI/qMAmSvb/RiD9KlgIazjZUCDSpwNgm0lEK9/Q6ExEyfziiYFVCPiptp52cBw8uBHRic8hHnwqXA=="],

    "@msgpackr-extract/msgpackr-extract-darwin-arm64": ["@msgpackr-extract/msgpackr-extract-darwin-arm64@3.0.3", "", { "os": "darwin", "cpu": "arm64" }, "sha512-QZHtlVgbAdy2zAqNA9Gu1UpIuI8Xvsd1v8ic6B2pZmeFnFcMWiPLfWXh7TVw4eGEZ/C9TH281KwhVoeQUKbyjw=="],

    "@msgpackr-extract/msgpackr-extract-darwin-x64": ["@msgpackr-extract/msgpackr-extract-darwin-x64@3.0.3", "", { "os": "darwin", "cpu": "x64" }, "sha512-mdzd3AVzYKuUmiWOQ8GNhl64/IoFGol569zNRdkLReh6LRLHOXxU4U8eq0JwaD8iFHdVGqSy4IjFL4reoWCDFw=="],

    "@msgpackr-extract/msgpackr-extract-linux-arm": ["@msgpackr-extract/msgpackr-extract-linux-arm@3.0.3", "", { "os": "linux", "cpu": "arm" }, "sha512-fg0uy/dG/nZEXfYilKoRe7yALaNmHoYeIoJuJ7KJ+YyU2bvY8vPv27f7UKhGRpY6euFYqEVhxCFZgAUNQBM3nw=="],

    "@msgpackr-extract/msgpackr-extract-linux-arm64": ["@msgpackr-extract/msgpackr-extract-linux-arm64@3.0.3", "", { "os": "linux", "cpu": "arm64" }, "sha512-YxQL+ax0XqBJDZiKimS2XQaf+2wDGVa1enVRGzEvLLVFeqa5kx2bWbtcSXgsxjQB7nRqqIGFIcLteF/sHeVtQg=="],

    "@msgpackr-extract/msgpackr-extract-linux-x64": ["@msgpackr-extract/msgpackr-extract-linux-x64@3.0.3", "", { "os": "linux", "cpu": "x64" }, "sha512-cvwNfbP07pKUfq1uH+S6KJ7dT9K8WOE4ZiAcsrSes+UY55E/0jLYc+vq+DO7jlmqRb5zAggExKm0H7O/CBaesg=="],

    "@msgpackr-extract/msgpackr-extract-win32-x64": ["@msgpackr-extract/msgpackr-extract-win32-x64@3.0.3", "", { "os": "win32", "cpu": "x64" }, "sha512-x0fWaQtYp4E6sktbsdAqnehxDgEc/VwM7uLsRCYWaiGu0ykYdZPiS8zCWdnjHwyiumousxfBm4SO31eXqwEZhQ=="],

    "@parcel/watcher": ["@parcel/watcher@2.5.4", "", { "dependencies": { "detect-libc": "^2.0.3", "is-glob": "^4.0.3", "node-addon-api": "^7.0.0", "picomatch": "^4.0.3" }, "optionalDependencies": { "@parcel/watcher-android-arm64": "2.5.4", "@parcel/watcher-darwin-arm64": "2.5.4", "@parcel/watcher-darwin-x64": "2.5.4", "@parcel/watcher-freebsd-x64": "2.5.4", "@parcel/watcher-linux-arm-glibc": "2.5.4", "@parcel/watcher-linux-arm-musl": "2.5.4", "@parcel/watcher-linux-arm64-glibc": "2.5.4", "@parcel/watcher-linux-arm64-musl": "2.5.4", "@parcel/watcher-linux-x64-glibc": "2.5.4", "@parcel/watcher-linux-x64-musl": "2.5.4", "@parcel/watcher-win32-arm64": "2.5.4", "@parcel/watcher-win32-ia32": "2.5.4", "@parcel/watcher-win32-x64": "2.5.4" } }, "sha512-WYa2tUVV5HiArWPB3ydlOc4R2ivq0IDrlqhMi3l7mVsFEXNcTfxYFPIHXHXIh/ca/y/V5N4E1zecyxdIBjYnkQ=="],

    "@parcel/watcher-android-arm64": ["@parcel/watcher-android-arm64@2.5.4", "", { "os": "android", "cpu": "arm64" }, "sha512-hoh0vx4v+b3BNI7Cjoy2/B0ARqcwVNrzN/n7DLq9ZB4I3lrsvhrkCViJyfTj/Qi5xM9YFiH4AmHGK6pgH1ss7g=="],

    "@parcel/watcher-darwin-arm64": ["@parcel/watcher-darwin-arm64@2.5.4", "", { "os": "darwin", "cpu": "arm64" }, "sha512-kphKy377pZiWpAOyTgQYPE5/XEKVMaj6VUjKT5VkNyUJlr2qZAn8gIc7CPzx+kbhvqHDT9d7EqdOqRXT6vk0zw=="],

    "@parcel/watcher-darwin-x64": ["@parcel/watcher-darwin-x64@2.5.4", "", { "os": "darwin", "cpu": "x64" }, "sha512-UKaQFhCtNJW1A9YyVz3Ju7ydf6QgrpNQfRZ35wNKUhTQ3dxJ/3MULXN5JN/0Z80V/KUBDGa3RZaKq1EQT2a2gg=="],

    "@parcel/watcher-freebsd-x64": ["@parcel/watcher-freebsd-x64@2.5.4", "", { "os": "freebsd", "cpu": "x64" }, "sha512-Dib0Wv3Ow/m2/ttvLdeI2DBXloO7t3Z0oCp4bAb2aqyqOjKPPGrg10pMJJAQ7tt8P4V2rwYwywkDhUia/FgS+Q=="],

    "@parcel/watcher-linux-arm-glibc": ["@parcel/watcher-linux-arm-glibc@2.5.4", "", { "os": "linux", "cpu": "arm" }, "sha512-I5Vb769pdf7Q7Sf4KNy8Pogl/URRCKu9ImMmnVKYayhynuyGYMzuI4UOWnegQNa2sGpsPSbzDsqbHNMyeyPCgw=="],

    "@parcel/watcher-linux-arm-musl": ["@parcel/watcher-linux-arm-musl@2.5.4", "", { "os": "linux", "cpu": "arm" }, "sha512-kGO8RPvVrcAotV4QcWh8kZuHr9bXi9a3bSZw7kFarYR0+fGliU7hd/zevhjw8fnvIKG3J9EO5G6sXNGCSNMYPQ=="],

    "@parcel/watcher-linux-arm64-glibc": ["@parcel/watcher-linux-arm64-glibc@2.5.4", "", { "os": "linux", "cpu": "arm64" }, "sha512-KU75aooXhqGFY2W5/p8DYYHt4hrjHZod8AhcGAmhzPn/etTa+lYCDB2b1sJy3sWJ8ahFVTdy+EbqSBvMx3iFlw=="],

    "@parcel/watcher-linux-arm64-musl": ["@parcel/watcher-linux-arm64-musl@2.5.4", "", { "os": "linux", "cpu": "arm64" }, "sha512-Qx8uNiIekVutnzbVdrgSanM+cbpDD3boB1f8vMtnuG5Zau4/bdDbXyKwIn0ToqFhIuob73bcxV9NwRm04/hzHQ=="],

    "@parcel/watcher-linux-x64-glibc": ["@parcel/watcher-linux-x64-glibc@2.5.4", "", { "os": "linux", "cpu": "x64" }, "sha512-UYBQvhYmgAv61LNUn24qGQdjtycFBKSK3EXr72DbJqX9aaLbtCOO8+1SkKhD/GNiJ97ExgcHBrukcYhVjrnogA=="],

    "@parcel/watcher-linux-x64-musl": ["@parcel/watcher-linux-x64-musl@2.5.4", "", { "os": "linux", "cpu": "x64" }, "sha512-YoRWCVgxv8akZrMhdyVi6/TyoeeMkQ0PGGOf2E4omODrvd1wxniXP+DBynKoHryStks7l+fDAMUBRzqNHrVOpg=="],

    "@parcel/watcher-win32-arm64": ["@parcel/watcher-win32-arm64@2.5.4", "", { "os": "win32", "cpu": "arm64" }, "sha512-iby+D/YNXWkiQNYcIhg8P5hSjzXEHaQrk2SLrWOUD7VeC4Ohu0WQvmV+HDJokZVJ2UjJ4AGXW3bx7Lls9Ln4TQ=="],

    "@parcel/watcher-win32-ia32": ["@parcel/watcher-win32-ia32@2.5.4", "", { "os": "win32", "cpu": "ia32" }, "sha512-vQN+KIReG0a2ZDpVv8cgddlf67J8hk1WfZMMP7sMeZmJRSmEax5xNDNWKdgqSe2brOKTQQAs3aCCUal2qBHAyg=="],

    "@parcel/watcher-win32-x64": ["@parcel/watcher-win32-x64@2.5.4", "", { "os": "win32", "cpu": "x64" }, "sha512-3A6efb6BOKwyw7yk9ro2vus2YTt2nvcd56AuzxdMiVOxL9umDyN5PKkKfZ/gZ9row41SjVmTVQNWQhaRRGpOKw=="],

    "@standard-schema/spec": ["@standard-schema/spec@1.1.0", "", {}, "sha512-l2aFy5jALhniG5HgqrD6jXLi/rUWrKvqN/qJx6yoJsgKhblVd+iqqU4RCXavm/jPityDo5TCvKMnpjKnOriy0w=="],

    "@types/node": ["@types/node@25.0.6", "", { "dependencies": { "undici-types": "~7.16.0" } }, "sha512-NNu0sjyNxpoiW3YuVFfNz7mxSQ+S4X2G28uqg2s+CzoqoQjLPsWSbsFFyztIAqt2vb8kfEAsJNepMGPTxFDx3Q=="],

    "detect-libc": ["detect-libc@2.1.2", "", {}, "sha512-Btj2BOOO83o3WyH59e8MgXsxEQVcarkUOpEYrubB0urwnN10yQ364rsiByU11nZlqWYZm05i/of7io4mzihBtQ=="],

    "effect": ["effect@3.19.14", "", { "dependencies": { "@standard-schema/spec": "^1.0.0", "fast-check": "^3.23.1" } }, "sha512-3vwdq0zlvQOxXzXNKRIPKTqZNMyGCdaFUBfMPqpsyzZDre67kgC1EEHDV4EoQTovJ4w5fmJW756f86kkuz7WFA=="],

    "fast-check": ["fast-check@3.23.2", "", { "dependencies": { "pure-rand": "^6.1.0" } }, "sha512-h5+1OzzfCC3Ef7VbtKdcv7zsstUQwUDlYpUTvjeUsJAssPgLn7QzbboPtL5ro04Mq0rPOsMzl7q5hIbRs2wD1A=="],

    "find-my-way-ts": ["find-my-way-ts@0.1.6", "", {}, "sha512-a85L9ZoXtNAey3Y6Z+eBWW658kO/MwR7zIafkIUPUMf3isZG0NCs2pjW2wtjxAKuJPxMAsHUIP4ZPGv0o5gyTA=="],

    "is-extglob": ["is-extglob@2.1.1", "", {}, "sha512-SbKbANkN603Vi4jEZv49LeVJMn4yGwsbzZworEoyEiutsN3nJYdbO36zfhGJ6QEDpOZIFkDtnq5JRxmvl3jsoQ=="],

    "is-glob": ["is-glob@4.0.3", "", { "dependencies": { "is-extglob": "^2.1.1" } }, "sha512-xelSayHH36ZgE7ZWhli7pW34hNbNl8Ojv5KVmkJD4hBdD3th8Tfk9vYasLM+mXWOZhFkgZfxhLSnrwRr4elSSg=="],

    "kubernetes-types": ["kubernetes-types@1.30.0", "", {}, "sha512-Dew1okvhM/SQcIa2rcgujNndZwU8VnSapDgdxlYoB84ZlpAD43U6KLAFqYo17ykSFGHNPrg0qry0bP+GJd9v7Q=="],

    "msgpackr": ["msgpackr@1.11.8", "", { "optionalDependencies": { "msgpackr-extract": "^3.0.2" } }, "sha512-bC4UGzHhVvgDNS7kn9tV8fAucIYUBuGojcaLiz7v+P63Lmtm0Xeji8B/8tYKddALXxJLpwIeBmUN3u64C4YkRA=="],

    "msgpackr-extract": ["msgpackr-extract@3.0.3", "", { "dependencies": { "node-gyp-build-optional-packages": "5.2.2" }, "optionalDependencies": { "@msgpackr-extract/msgpackr-extract-darwin-arm64": "3.0.3", "@msgpackr-extract/msgpackr-extract-darwin-x64": "3.0.3", "@msgpackr-extract/msgpackr-extract-linux-arm": "3.0.3", "@msgpackr-extract/msgpackr-extract-linux-arm64": "3.0.3", "@msgpackr-extract/msgpackr-extract-linux-x64": "3.0.3", "@msgpackr-extract/msgpackr-extract-win32-x64": "3.0.3" }, "bin": { "download-msgpackr-prebuilds": "bin/download-prebuilds.js" } }, "sha512-P0efT1C9jIdVRefqjzOQ9Xml57zpOXnIuS+csaB4MdZbTdmGDLo8XhzBG1N7aO11gKDDkJvBLULeFTo46wwreA=="],

    "multipasta": ["multipasta@0.2.7", "", {}, "sha512-KPA58d68KgGil15oDqXjkUBEBYc00XvbPj5/X+dyzeo/lWm9Nc25pQRlf1D+gv4OpK7NM0J1odrbu9JNNGvynA=="],

    "node-addon-api": ["node-addon-api@7.1.1", "", {}, "sha512-5m3bsyrjFWE1xf7nz7YXdN4udnVtXK6/Yfgn5qnahL6bCkf2yKt4k3nuTKAtT4r3IG8JNR2ncsIMdZuAzJjHQQ=="],

    "node-gyp-build-optional-packages": ["node-gyp-build-optional-packages@5.2.2", "", { "dependencies": { "detect-libc": "^2.0.1" }, "bin": { "node-gyp-build-optional-packages": "bin.js", "node-gyp-build-optional-packages-optional": "optional.js", "node-gyp-build-optional-packages-test": "build-test.js" } }, "sha512-s+w+rBWnpTMwSFbaE0UXsRlg7hU4FjekKU4eyAih5T8nJuNZT1nNsskXpxmeqSK9UzkBl6UgRlnKc8hz8IEqOw=="],

    "picomatch": ["picomatch@4.0.3", "", {}, "sha512-5gTmgEY/sqK6gFXLIsQNH19lWb4ebPDLA4SdLP7dsWkIXHWlG66oPuVvXSGFPppYZz8ZDZq0dYYrbHfBCVUb1Q=="],

    "pure-rand": ["pure-rand@6.1.0", "", {}, "sha512-bVWawvoZoBYpp6yIoQtQXHZjmz35RSVHnUOTefl8Vcjr8snTPY1wnpSPMWekcFwbxI6gtmT7rSYPFvz71ldiOA=="],

    "server": ["server@workspace:packages/server"],

    "undici-types": ["undici-types@7.16.0", "", {}, "sha512-Zz+aZWSj8LE6zoxD+xrjh4VfkIG8Ya6LvYkZqtUQGJPZjYl53ypCaUwWqo7eI0x66KBGeRo+mlBEkMSeSZ38Nw=="],

    "uuid": ["uuid@11.1.0", "", { "bin": { "uuid": "dist/esm/bin/uuid" } }, "sha512-0/A9rDy9P7cJ+8w1c9WD9V//9Wj15Ce2MPz8Ri6032usz+NfePxx5AcN3bN+r6ZL6jEo066/yNYB3tn4pQEx+A=="],

    "ws": ["ws@8.19.0", "", { "peerDependencies": { "bufferutil": "^4.0.1", "utf-8-validate": ">=5.0.2" }, "optionalPeers": ["bufferutil", "utf-8-validate"] }, "sha512-blAT2mjOEIi0ZzruJfIhb3nps74PRWTCz1IjglWEEpQl5XS/UNama6u2/rjFkDDouqr4L67ry+1aGIALViWjDg=="],
  }
}
